
Microsoft Visual Studio Solution File, Format Version 12.00
# Visual Studio Version 17
VisualStudioVersion = 17.14.36616.10
MinimumVisualStudioVersion = 10.0.40219.1
Project("{2150E333-8FDC-42A3-9474-1A3956D46DE8}") = "1.Domain", "1.Domain", "{02EA681E-C7D8-13C7-8484-4AC65E1B71E8}"
EndProject
Project("{2150E333-8FDC-42A3-9474-1A3956D46DE8}") = "2.Application", "2.Application", "{8B31E5B0-8EF1-458A-8A5D-6F00EC45C474}"
EndProject
Project("{2150E333-8FDC-42A3-9474-1A3956D46DE8}") = "3.Interfaces Adapters", "3.Interfaces Adapters", "{7FF104AB-216D-4BCF-9DDD-804868EB8868}"
EndProject
Project("{2150E333-8FDC-42A3-9474-1A3956D46DE8}") = "4.Frameworks And Drivers", "4.Frameworks And Drivers", "{D7FE44E6-BD81-4C0C-A6DC-D8BFCE861907}"
EndProject
Project("{2150E333-8FDC-42A3-9474-1A3956D46DE8}") = "Labels", "Labels", "{4F43FA82-591D-49D3-A98A-D53E538C5458}"
EndProject
Project("{FAE04EC0-301F-11D3-BF4B-00C04F79EFBC}") = "Codprinter.Labels.Domain", "Codprinter.Labels.Domain\Codprinter.Labels.Domain.csproj", "{B893B8E2-840B-4AC0-A5AA-8AA5EEC9FC6B}"
EndProject
Project("{2150E333-8FDC-42A3-9474-1A3956D46DE8}") = "Labels", "Labels", "{788C9BE5-8398-4672-B550-E9F0A484E660}"
EndProject
Project("{FAE04EC0-301F-11D3-BF4B-00C04F79EFBC}") = "Codprinter.Labels.Application", "Codprinter.Labels.Application\Codprinter.Labels.Application.csproj", "{6E75F0B4-745B-446D-9888-8798D3DB398A}"
EndProject
Project("{2150E333-8FDC-42A3-9474-1A3956D46DE8}") = "Common", "Common", "{DADD3292-390E-4FEB-801D-93974D524C63}"
EndProject
Project("{FAE04EC0-301F-11D3-BF4B-00C04F79EFBC}") = "Codprinter.Shared.Application", "Codprinter.Shared.Application\Codprinter.Shared.Application.csproj", "{7417FDE3-96D5-4A86-82C3-9FFC07C4257D}"
EndProject
Project("{2150E333-8FDC-42A3-9474-1A3956D46DE8}") = "Labels", "Labels", "{5C7893ED-962C-4E1D-A15A-99B1642534FD}"
EndProject
Project("{FAE04EC0-301F-11D3-BF4B-00C04F79EFBC}") = "Codprinter.Labels.InterfaceAdapters", "Codprinter.Labels.InterfaceAdapters\Codprinter.Labels.InterfaceAdapters.csproj", "{6F687EB4-16DC-4467-A95C-4C54A32DCD25}"
EndProject
Project("{2150E333-8FDC-42A3-9474-1A3956D46DE8}") = "Frameworks", "Frameworks", "{D894EF7E-A087-4502-A368-6D85F61A618E}"
EndProject
Project("{2150E333-8FDC-42A3-9474-1A3956D46DE8}") = "DataContexts", "DataContexts", "{3DCA284B-8636-4912-B936-5B2B5A15E6B2}"
EndProject
Project("{FAE04EC0-301F-11D3-BF4B-00C04F79EFBC}") = "Codprinter.Labels.DataContexts.EFCore", "Codprinter.Labels.DataContexts.EFCore\Codprinter.Labels.DataContexts.EFCore.csproj", "{50BDFBA1-594F-4816-96CF-E48C8BC3532F}"
EndProject
Project("{2150E333-8FDC-42A3-9474-1A3956D46DE8}") = "Common", "Common", "{0383BFF9-F754-4F15-921A-78A9805E807B}"
EndProject
Project("{FAE04EC0-301F-11D3-BF4B-00C04F79EFBC}") = "Codprinter.Shared.Infrastructure", "Codprinter.Shared.Infrastructure\Codprinter.Shared.Infrastructure.csproj", "{B4AFBD3D-4954-42A1-8A37-A207C4E4D9D2}"
EndProject
Project("{2150E333-8FDC-42A3-9474-1A3956D46DE8}") = "IoC", "IoC", "{DD4D602E-EEBE-4C0E-A602-7D1755204A3A}"
EndProject
Project("{FAE04EC0-301F-11D3-BF4B-00C04F79EFBC}") = "Codprinter.Labels.IoC", "Codprinter.Labels.IoC\Codprinter.Labels.IoC.csproj", "{EC4C1C01-5DEF-47F6-9352-1D8BC13731CF}"
EndProject
Project("{2150E333-8FDC-42A3-9474-1A3956D46DE8}") = "UI", "UI", "{67E99032-6CDA-4FAF-A9B0-070C430A9696}"
EndProject
Project("{FAE04EC0-301F-11D3-BF4B-00C04F79EFBC}") = "Codprinter.WebApi", "Codprinter.WebApi\Codprinter.WebApi.csproj", "{CA713114-11E1-43CA-A9E6-04A3884AA711}"
EndProject
Global
	GlobalSection(SolutionConfigurationPlatforms) = preSolution
		Debug|Any CPU = Debug|Any CPU
		Release|Any CPU = Release|Any CPU
	EndGlobalSection
	GlobalSection(ProjectConfigurationPlatforms) = postSolution
		{B893B8E2-840B-4AC0-A5AA-8AA5EEC9FC6B}.Debug|Any CPU.ActiveCfg = Debug|Any CPU
		{B893B8E2-840B-4AC0-A5AA-8AA5EEC9FC6B}.Debug|Any CPU.Build.0 = Debug|Any CPU
		{B893B8E2-840B-4AC0-A5AA-8AA5EEC9FC6B}.Release|Any CPU.ActiveCfg = Release|Any CPU
		{B893B8E2-840B-4AC0-A5AA-8AA5EEC9FC6B}.Release|Any CPU.Build.0 = Release|Any CPU
		{6E75F0B4-745B-446D-9888-8798D3DB398A}.Debug|Any CPU.ActiveCfg = Debug|Any CPU
		{6E75F0B4-745B-446D-9888-8798D3DB398A}.Debug|Any CPU.Build.0 = Debug|Any CPU
		{6E75F0B4-745B-446D-9888-8798D3DB398A}.Release|Any CPU.ActiveCfg = Release|Any CPU
		{6E75F0B4-745B-446D-9888-8798D3DB398A}.Release|Any CPU.Build.0 = Release|Any CPU
		{7417FDE3-96D5-4A86-82C3-9FFC07C4257D}.Debug|Any CPU.ActiveCfg = Debug|Any CPU
		{7417FDE3-96D5-4A86-82C3-9FFC07C4257D}.Debug|Any CPU.Build.0 = Debug|Any CPU
		{7417FDE3-96D5-4A86-82C3-9FFC07C4257D}.Release|Any CPU.ActiveCfg = Release|Any CPU
		{7417FDE3-96D5-4A86-82C3-9FFC07C4257D}.Release|Any CPU.Build.0 = Release|Any CPU
		{6F687EB4-16DC-4467-A95C-4C54A32DCD25}.Debug|Any CPU.ActiveCfg = Debug|Any CPU
		{6F687EB4-16DC-4467-A95C-4C54A32DCD25}.Debug|Any CPU.Build.0 = Debug|Any CPU
		{6F687EB4-16DC-4467-A95C-4C54A32DCD25}.Release|Any CPU.ActiveCfg = Release|Any CPU
		{6F687EB4-16DC-4467-A95C-4C54A32DCD25}.Release|Any CPU.Build.0 = Release|Any CPU
		{50BDFBA1-594F-4816-96CF-E48C8BC3532F}.Debug|Any CPU.ActiveCfg = Debug|Any CPU
		{50BDFBA1-594F-4816-96CF-E48C8BC3532F}.Debug|Any CPU.Build.0 = Debug|Any CPU
		{50BDFBA1-594F-4816-96CF-E48C8BC3532F}.Release|Any CPU.ActiveCfg = Release|Any CPU
		{50BDFBA1-594F-4816-96CF-E48C8BC3532F}.Release|Any CPU.Build.0 = Release|Any CPU
		{B4AFBD3D-4954-42A1-8A37-A207C4E4D9D2}.Debug|Any CPU.ActiveCfg = Debug|Any CPU
		{B4AFBD3D-4954-42A1-8A37-A207C4E4D9D2}.Debug|Any CPU.Build.0 = Debug|Any CPU
		{B4AFBD3D-4954-42A1-8A37-A207C4E4D9D2}.Release|Any CPU.ActiveCfg = Release|Any CPU
		{B4AFBD3D-4954-42A1-8A37-A207C4E4D9D2}.Release|Any CPU.Build.0 = Release|Any CPU
		{EC4C1C01-5DEF-47F6-9352-1D8BC13731CF}.Debug|Any CPU.ActiveCfg = Debug|Any CPU
		{EC4C1C01-5DEF-47F6-9352-1D8BC13731CF}.Debug|Any CPU.Build.0 = Debug|Any CPU
		{EC4C1C01-5DEF-47F6-9352-1D8BC13731CF}.Release|Any CPU.ActiveCfg = Release|Any CPU
		{EC4C1C01-5DEF-47F6-9352-1D8BC13731CF}.Release|Any CPU.Build.0 = Release|Any CPU
		{CA713114-11E1-43CA-A9E6-04A3884AA711}.Debug|Any CPU.ActiveCfg = Debug|Any CPU
		{CA713114-11E1-43CA-A9E6-04A3884AA711}.Debug|Any CPU.Build.0 = Debug|Any CPU
		{CA713114-11E1-43CA-A9E6-04A3884AA711}.Release|Any CPU.ActiveCfg = Release|Any CPU
		{CA713114-11E1-43CA-A9E6-04A3884AA711}.Release|Any CPU.Build.0 = Release|Any CPU
	EndGlobalSection
	GlobalSection(SolutionProperties) = preSolution
		HideSolutionNode = FALSE
	EndGlobalSection
	GlobalSection(NestedProjects) = preSolution
		{4F43FA82-591D-49D3-A98A-D53E538C5458} = {02EA681E-C7D8-13C7-8484-4AC65E1B71E8}
		{B893B8E2-840B-4AC0-A5AA-8AA5EEC9FC6B} = {4F43FA82-591D-49D3-A98A-D53E538C5458}
		{788C9BE5-8398-4672-B550-E9F0A484E660} = {8B31E5B0-8EF1-458A-8A5D-6F00EC45C474}
		{6E75F0B4-745B-446D-9888-8798D3DB398A} = {788C9BE5-8398-4672-B550-E9F0A484E660}
		{DADD3292-390E-4FEB-801D-93974D524C63} = {8B31E5B0-8EF1-458A-8A5D-6F00EC45C474}
		{7417FDE3-96D5-4A86-82C3-9FFC07C4257D} = {DADD3292-390E-4FEB-801D-93974D524C63}
		{5C7893ED-962C-4E1D-A15A-99B1642534FD} = {7FF104AB-216D-4BCF-9DDD-804868EB8868}
		{6F687EB4-16DC-4467-A95C-4C54A32DCD25} = {5C7893ED-962C-4E1D-A15A-99B1642534FD}
		{D894EF7E-A087-4502-A368-6D85F61A618E} = {D7FE44E6-BD81-4C0C-A6DC-D8BFCE861907}
		{3DCA284B-8636-4912-B936-5B2B5A15E6B2} = {D894EF7E-A087-4502-A368-6D85F61A618E}
		{50BDFBA1-594F-4816-96CF-E48C8BC3532F} = {3DCA284B-8636-4912-B936-5B2B5A15E6B2}
		{0383BFF9-F754-4F15-921A-78A9805E807B} = {D7FE44E6-BD81-4C0C-A6DC-D8BFCE861907}
		{B4AFBD3D-4954-42A1-8A37-A207C4E4D9D2} = {0383BFF9-F754-4F15-921A-78A9805E807B}
		{DD4D602E-EEBE-4C0E-A602-7D1755204A3A} = {D7FE44E6-BD81-4C0C-A6DC-D8BFCE861907}
		{EC4C1C01-5DEF-47F6-9352-1D8BC13731CF} = {DD4D602E-EEBE-4C0E-A602-7D1755204A3A}
		{67E99032-6CDA-4FAF-A9B0-070C430A9696} = {D7FE44E6-BD81-4C0C-A6DC-D8BFCE861907}
		{CA713114-11E1-43CA-A9E6-04A3884AA711} = {67E99032-6CDA-4FAF-A9B0-070C430A9696}
	EndGlobalSection
	GlobalSection(ExtensibilityGlobals) = postSolution
		SolutionGuid = {3C8EF6BD-D189-4FEC-8BAD-3BD590CF0ADD}
	EndGlobalSection
EndGlobal
