
Microsoft Visual Studio Solution File, Format Version 12.00
# Visual Studio Version 17
VisualStudioVersion = 17.14.36616.10
MinimumVisualStudioVersion = 10.0.40219.1
Project("{2150E333-8FDC-42A3-9474-1A3956D46DE8}") = "1.Domain", "1.Domain", "{02EA681E-C7D8-13C7-8484-4AC65E1B71E8}"
EndProject
Project("{2150E333-8FDC-42A3-9474-1A3956D46DE8}") = "2.Application", "2.Application", "{8B31E5B0-8EF1-458A-8A5D-6F00EC45C474}"
EndProject
Project("{2150E333-8FDC-42A3-9474-1A3956D46DE8}") = "3.Interfaces Adapters", "3.Interfaces Adapters", "{7FF104AB-216D-4BCF-9DDD-804868EB8868}"
EndProject
Project("{2150E333-8FDC-42A3-9474-1A3956D46DE8}") = "4.Frameworks And Drivers", "4.Frameworks And Drivers", "{D7FE44E6-BD81-4C0C-A6DC-D8BFCE861907}"
EndProject
Project("{2150E333-8FDC-42A3-9474-1A3956D46DE8}") = "Labels", "Labels", "{4F43FA82-591D-49D3-A98A-D53E538C5458}"
EndProject
Project("{FAE04EC0-301F-11D3-BF4B-00C04F79EFBC}") = "Codprinter.Labels.Domain", "Codprinter.Labels.Domain\Codprinter.Labels.Domain.csproj", "{B893B8E2-840B-4AC0-A5AA-8AA5EEC9FC6B}"
EndProject
Project("{2150E333-8FDC-42A3-9474-1A3956D46DE8}") = "Labels", "Labels", "{788C9BE5-8398-4672-B550-E9F0A484E660}"
EndProject
Project("{FAE04EC0-301F-11D3-BF4B-00C04F79EFBC}") = "Codprinter.Labels.Application", "Codprinter.Labels.Application\Codprinter.Labels.Application.csproj", "{6E75F0B4-745B-446D-9888-8798D3DB398A}"
EndProject
Project("{2150E333-8FDC-42A3-9474-1A3956D46DE8}") = "Common", "Common", "{DADD3292-390E-4FEB-801D-93974D524C63}"
EndProject
Project("{FAE04EC0-301F-11D3-BF4B-00C04F79EFBC}") = "Codprinter.Shared.Application", "Codprinter.Shared.Application\Codprinter.Shared.Application.csproj", "{7417FDE3-96D5-4A86-82C3-9FFC07C4257D}"
EndProject
Project("{2150E333-8FDC-42A3-9474-1A3956D46DE8}") = "Labels", "Labels", "{5C7893ED-962C-4E1D-A15A-99B1642534FD}"
EndProject
Project("{FAE04EC0-301F-11D3-BF4B-00C04F79EFBC}") = "Codprinter.Labels.InterfaceAdapters", "Codprinter.Labels.InterfaceAdapters\Codprinter.Labels.InterfaceAdapters.csproj", "{6F687EB4-16DC-4467-A95C-4C54A32DCD25}"
EndProject
Project("{2150E333-8FDC-42A3-9474-1A3956D46DE8}") = "Frameworks", "Frameworks", "{D894EF7E-A087-4502-A368-6D85F61A618E}"
EndProject
Project("{2150E333-8FDC-42A3-9474-1A3956D46DE8}") = "DataContexts", "DataContexts", "{3DCA284B-8636-4912-B936-5B2B5A15E6B2}"
EndProject
Project("{FAE04EC0-301F-11D3-BF4B-00C04F79EFBC}") = "Codprinter.Labels.DataContexts.EFCore", "Codprinter.Labels.DataContexts.EFCore\Codprinter.Labels.DataContexts.EFCore.csproj", "{50BDFBA1-594F-4816-96CF-E48C8BC3532F}"
EndProject
Project("{2150E333-8FDC-42A3-9474-1A3956D46DE8}") = "Common", "Common", "{0383BFF9-F754-4F15-921A-78A9805E807B}"
EndProject
Project("{FAE04EC0-301F-11D3-BF4B-00C04F79EFBC}") = "Codprinter.Shared.Infrastructure", "Codprinter.Shared.Infrastructure\Codprinter.Shared.Infrastructure.csproj", "{B4AFBD3D-4954-42A1-8A37-A207C4E4D9D2}"
EndProject
Project("{2150E333-8FDC-42A3-9474-1A3956D46DE8}") = "IoC", "IoC", "{DD4D602E-EEBE-4C0E-A602-7D1755204A3A}"
EndProject
Project("{FAE04EC0-301F-11D3-BF4B-00C04F79EFBC}") = "Codprinter.Labels.IoC", "Codprinter.Labels.IoC\Codprinter.Labels.IoC.csproj", "{EC4C1C01-5DEF-47F6-9352-1D8BC13731CF}"
EndProject
Project("{2150E333-8FDC-42A3-9474-1A3956D46DE8}") = "UI", "UI", "{67E99032-6CDA-4FAF-A9B0-070C430A9696}"
EndProject
Project("{FAE04EC0-301F-11D3-BF4B-00C04F79EFBC}") = "Codprinter.WebApi", "Codprinter.WebApi\Codprinter.WebApi.csproj", "{CA713114-11E1-43CA-A9E6-04A3884AA711}"
EndProject
Project("{2150E333-8FDC-42A3-9474-1A3956D46DE8}") = "Printers", "Printers", "{CD417F3B-24B9-4F5B-B0D6-6A0FA00211AC}"
EndProject
Project("{FAE04EC0-301F-11D3-BF4B-00C04F79EFBC}") = "Codprinter.Printers.Domain", "Codprinter.Printers.Domain\Codprinter.Printers.Domain.csproj", "{B54EA446-9827-4FBA-BCAE-15391F086128}"
EndProject
Project("{2150E333-8FDC-42A3-9474-1A3956D46DE8}") = "Printers", "Printers", "{D36CE911-869E-4CB9-BF87-BACAC4C354C1}"
EndProject
Project("{FAE04EC0-301F-11D3-BF4B-00C04F79EFBC}") = "Codprinter.Printers.Application", "Codprinter.Printers.Application\Codprinter.Printers.Application.csproj", "{F4E88955-1E18-4657-B658-C0F50246501A}"
EndProject
Project("{2150E333-8FDC-42A3-9474-1A3956D46DE8}") = "Printers", "Printers", "{7190735D-E808-43E2-BB30-A7688C8CF525}"
EndProject
Project("{FAE04EC0-301F-11D3-BF4B-00C04F79EFBC}") = "Codprinter.Printers.InterfaceAdapters", "Codprinter.Printer.InterfaceAdapters\Codprinter.Printers.InterfaceAdapters.csproj", "{A8DF3A71-AB32-4D12-900D-68603BDEF3E3}"
EndProject
Project("{FAE04EC0-301F-11D3-BF4B-00C04F79EFBC}") = "CodPrinter.Printers.DataContext.EFCore", "CodPrinter.Printers.DataContext.EFCore\CodPrinter.Printers.DataContext.EFCore.csproj", "{DB241030-F00A-4690-9486-C726704EEACA}"
EndProject
Project("{FAE04EC0-301F-11D3-BF4B-00C04F79EFBC}") = "Codprinter.Printers.IoC", "Codprinter.Printers.IoC\Codprinter.Printers.IoC.csproj", "{0DA03451-0129-44D9-B254-658C0E629BAB}"
EndProject
Project("{2150E333-8FDC-42A3-9474-1A3956D46DE8}") = "Products", "Products", "{6F73F792-D717-4425-A296-3329AA0932AC}"
EndProject
Project("{FAE04EC0-301F-11D3-BF4B-00C04F79EFBC}") = "Codprinter.Products.Domain", "Codprinter.Products.Domain\Codprinter.Products.Domain.csproj", "{0548E0FD-E18A-4D1A-A733-A602643D1E8E}"
EndProject
Project("{2150E333-8FDC-42A3-9474-1A3956D46DE8}") = "Products", "Products", "{BA71C628-FC3F-4CDD-AC37-512F51B8AD25}"
EndProject
Project("{FAE04EC0-301F-11D3-BF4B-00C04F79EFBC}") = "Codprinter.Products.Application", "Codprinter.Products.Application\Codprinter.Products.Application.csproj", "{188F820B-142D-4933-BC86-C6D183F3A760}"
EndProject
Project("{2150E333-8FDC-42A3-9474-1A3956D46DE8}") = "Products", "Products", "{94796534-18C4-4E4F-83DD-B6E403F804CC}"
EndProject
Project("{FAE04EC0-301F-11D3-BF4B-00C04F79EFBC}") = "Codprinter.Products.InterfacesAdapters", "Codprinter.Products.InterfacesAdapters\Codprinter.Products.InterfacesAdapters.csproj", "{0F5199D8-B7B5-45EE-8B26-3653CF73776D}"
EndProject
Project("{FAE04EC0-301F-11D3-BF4B-00C04F79EFBC}") = "Codprinter.Products.DataContext.EFCore", "Codprinter.Products.DataContext.EFCore\Codprinter.Products.DataContext.EFCore.csproj", "{42C29A39-6145-4F65-89AC-C7ECBCA27267}"
EndProject
Project("{FAE04EC0-301F-11D3-BF4B-00C04F79EFBC}") = "Codprinter.Products.IoC", "Codprinter.Products.IoC\Codprinter.Products.IoC.csproj", "{9F09B5F6-4580-424E-8E22-F4C9F0F5B698}"
EndProject
Project("{2150E333-8FDC-42A3-9474-1A3956D46DE8}") = "WeighingScales", "WeighingScales", "{2CE20B99-B83B-4BB6-B08A-4EF646720C32}"
EndProject
Project("{FAE04EC0-301F-11D3-BF4B-00C04F79EFBC}") = "Codprinter.WeighingScales.Domain", "Codprinter.WeighingScales.Domain\Codprinter.WeighingScales.Domain.csproj", "{8E928C50-D7E1-4CF0-932D-A8D361D50D16}"
EndProject
Project("{2150E333-8FDC-42A3-9474-1A3956D46DE8}") = "WeighingScales", "WeighingScales", "{DA58B4F2-CF71-4724-89D9-09A5172C85D3}"
EndProject
Project("{FAE04EC0-301F-11D3-BF4B-00C04F79EFBC}") = "Codprinter.WeighingScales.Application", "Codprinter.WeighingScales.Application\Codprinter.WeighingScales.Application.csproj", "{11D5A49E-E892-4CC4-BD69-568714E65403}"
EndProject
Project("{2150E333-8FDC-42A3-9474-1A3956D46DE8}") = "WeighingScales", "WeighingScales", "{E419DE10-DD6C-4E43-8848-0C6CD2D6ABAF}"
EndProject
Project("{FAE04EC0-301F-11D3-BF4B-00C04F79EFBC}") = "Codprinter.WeighingScales.InterfacesAdapters", "Codprinter.WeighingScales.InterfacesAdapters\Codprinter.WeighingScales.InterfacesAdapters.csproj", "{664179D0-EEF8-45CD-8CE6-4FD0F8A8B09A}"
EndProject
Project("{FAE04EC0-301F-11D3-BF4B-00C04F79EFBC}") = "Codprinter.WeighingScales.DataContext.EFCore", "Codprinter.WeighingScales.DataCOntexts.EFCore\Codprinter.WeighingScales.DataContext.EFCore.csproj", "{14FA6D52-E29A-4DA7-A1A6-9845850E6271}"
EndProject
Project("{FAE04EC0-301F-11D3-BF4B-00C04F79EFBC}") = "Codprinter.WeighingScales.IoC", "Codprinter.WeighingScales.IoC\Codprinter.WeighingScales.IoC.csproj", "{600D8328-2446-4DA7-9E79-285D6A7DED5F}"
EndProject
Project("{2150E333-8FDC-42A3-9474-1A3956D46DE8}") = "Printing", "Printing", "{31BBFE0D-556B-4477-93A9-2F488C9FF885}"
EndProject
Project("{FAE04EC0-301F-11D3-BF4B-00C04F79EFBC}") = "Codprinter.Printing.Domain", "Codprinter.Printing.Domain\Codprinter.Printing.Domain.csproj", "{E083435B-3F34-4DB9-9BD9-19BFACCCF97C}"
EndProject
Project("{2150E333-8FDC-42A3-9474-1A3956D46DE8}") = "Printing", "Printing", "{796A862E-7CDB-4F6B-8F4C-B397FF79B268}"
EndProject
Project("{FAE04EC0-301F-11D3-BF4B-00C04F79EFBC}") = "Codprinter.Printing.Application", "Codprinter.Printing.Application\Codprinter.Printing.Application.csproj", "{60FE0D12-EE8E-4A1C-BF91-4AEAA12EE4DD}"
EndProject
Project("{2150E333-8FDC-42A3-9474-1A3956D46DE8}") = "Printing", "Printing", "{479F015B-A692-4A06-8203-80B19B892B10}"
EndProject
Project("{FAE04EC0-301F-11D3-BF4B-00C04F79EFBC}") = "Codprinter.Printing.InterefacesAdapters", "Codprinter.Printing.InterefacesAdapters\Codprinter.Printing.InterefacesAdapters.csproj", "{2F0D1E4E-06CF-4DFB-816C-AC665F8D057A}"
EndProject
Project("{FAE04EC0-301F-11D3-BF4B-00C04F79EFBC}") = "Codprinter.Printing.IoC", "Codprinter.Printing.IoC\Codprinter.Printing.IoC.csproj", "{9688D1D4-8844-4AF0-BEB8-7CC49A27AED2}"
EndProject
Global
	GlobalSection(SolutionConfigurationPlatforms) = preSolution
		Debug|Any CPU = Debug|Any CPU
		Release|Any CPU = Release|Any CPU
	EndGlobalSection
	GlobalSection(ProjectConfigurationPlatforms) = postSolution
		{B893B8E2-840B-4AC0-A5AA-8AA5EEC9FC6B}.Debug|Any CPU.ActiveCfg = Debug|Any CPU
		{B893B8E2-840B-4AC0-A5AA-8AA5EEC9FC6B}.Debug|Any CPU.Build.0 = Debug|Any CPU
		{B893B8E2-840B-4AC0-A5AA-8AA5EEC9FC6B}.Release|Any CPU.ActiveCfg = Release|Any CPU
		{B893B8E2-840B-4AC0-A5AA-8AA5EEC9FC6B}.Release|Any CPU.Build.0 = Release|Any CPU
		{6E75F0B4-745B-446D-9888-8798D3DB398A}.Debug|Any CPU.ActiveCfg = Debug|Any CPU
		{6E75F0B4-745B-446D-9888-8798D3DB398A}.Debug|Any CPU.Build.0 = Debug|Any CPU
		{6E75F0B4-745B-446D-9888-8798D3DB398A}.Release|Any CPU.ActiveCfg = Release|Any CPU
		{6E75F0B4-745B-446D-9888-8798D3DB398A}.Release|Any CPU.Build.0 = Release|Any CPU
		{7417FDE3-96D5-4A86-82C3-9FFC07C4257D}.Debug|Any CPU.ActiveCfg = Debug|Any CPU
		{7417FDE3-96D5-4A86-82C3-9FFC07C4257D}.Debug|Any CPU.Build.0 = Debug|Any CPU
		{7417FDE3-96D5-4A86-82C3-9FFC07C4257D}.Release|Any CPU.ActiveCfg = Release|Any CPU
		{7417FDE3-96D5-4A86-82C3-9FFC07C4257D}.Release|Any CPU.Build.0 = Release|Any CPU
		{6F687EB4-16DC-4467-A95C-4C54A32DCD25}.Debug|Any CPU.ActiveCfg = Debug|Any CPU
		{6F687EB4-16DC-4467-A95C-4C54A32DCD25}.Debug|Any CPU.Build.0 = Debug|Any CPU
		{6F687EB4-16DC-4467-A95C-4C54A32DCD25}.Release|Any CPU.ActiveCfg = Release|Any CPU
		{6F687EB4-16DC-4467-A95C-4C54A32DCD25}.Release|Any CPU.Build.0 = Release|Any CPU
		{50BDFBA1-594F-4816-96CF-E48C8BC3532F}.Debug|Any CPU.ActiveCfg = Debug|Any CPU
		{50BDFBA1-594F-4816-96CF-E48C8BC3532F}.Debug|Any CPU.Build.0 = Debug|Any CPU
		{50BDFBA1-594F-4816-96CF-E48C8BC3532F}.Release|Any CPU.ActiveCfg = Release|Any CPU
		{50BDFBA1-594F-4816-96CF-E48C8BC3532F}.Release|Any CPU.Build.0 = Release|Any CPU
		{B4AFBD3D-4954-42A1-8A37-A207C4E4D9D2}.Debug|Any CPU.ActiveCfg = Debug|Any CPU
		{B4AFBD3D-4954-42A1-8A37-A207C4E4D9D2}.Debug|Any CPU.Build.0 = Debug|Any CPU
		{B4AFBD3D-4954-42A1-8A37-A207C4E4D9D2}.Release|Any CPU.ActiveCfg = Release|Any CPU
		{B4AFBD3D-4954-42A1-8A37-A207C4E4D9D2}.Release|Any CPU.Build.0 = Release|Any CPU
		{EC4C1C01-5DEF-47F6-9352-1D8BC13731CF}.Debug|Any CPU.ActiveCfg = Debug|Any CPU
		{EC4C1C01-5DEF-47F6-9352-1D8BC13731CF}.Debug|Any CPU.Build.0 = Debug|Any CPU
		{EC4C1C01-5DEF-47F6-9352-1D8BC13731CF}.Release|Any CPU.ActiveCfg = Release|Any CPU
		{EC4C1C01-5DEF-47F6-9352-1D8BC13731CF}.Release|Any CPU.Build.0 = Release|Any CPU
		{CA713114-11E1-43CA-A9E6-04A3884AA711}.Debug|Any CPU.ActiveCfg = Debug|Any CPU
		{CA713114-11E1-43CA-A9E6-04A3884AA711}.Debug|Any CPU.Build.0 = Debug|Any CPU
		{CA713114-11E1-43CA-A9E6-04A3884AA711}.Release|Any CPU.ActiveCfg = Release|Any CPU
		{CA713114-11E1-43CA-A9E6-04A3884AA711}.Release|Any CPU.Build.0 = Release|Any CPU
		{B54EA446-9827-4FBA-BCAE-15391F086128}.Debug|Any CPU.ActiveCfg = Debug|Any CPU
		{B54EA446-9827-4FBA-BCAE-15391F086128}.Debug|Any CPU.Build.0 = Debug|Any CPU
		{B54EA446-9827-4FBA-BCAE-15391F086128}.Release|Any CPU.ActiveCfg = Release|Any CPU
		{B54EA446-9827-4FBA-BCAE-15391F086128}.Release|Any CPU.Build.0 = Release|Any CPU
		{F4E88955-1E18-4657-B658-C0F50246501A}.Debug|Any CPU.ActiveCfg = Debug|Any CPU
		{F4E88955-1E18-4657-B658-C0F50246501A}.Debug|Any CPU.Build.0 = Debug|Any CPU
		{F4E88955-1E18-4657-B658-C0F50246501A}.Release|Any CPU.ActiveCfg = Release|Any CPU
		{F4E88955-1E18-4657-B658-C0F50246501A}.Release|Any CPU.Build.0 = Release|Any CPU
		{A8DF3A71-AB32-4D12-900D-68603BDEF3E3}.Debug|Any CPU.ActiveCfg = Debug|Any CPU
		{A8DF3A71-AB32-4D12-900D-68603BDEF3E3}.Debug|Any CPU.Build.0 = Debug|Any CPU
		{A8DF3A71-AB32-4D12-900D-68603BDEF3E3}.Release|Any CPU.ActiveCfg = Release|Any CPU
		{A8DF3A71-AB32-4D12-900D-68603BDEF3E3}.Release|Any CPU.Build.0 = Release|Any CPU
		{DB241030-F00A-4690-9486-C726704EEACA}.Debug|Any CPU.ActiveCfg = Debug|Any CPU
		{DB241030-F00A-4690-9486-C726704EEACA}.Debug|Any CPU.Build.0 = Debug|Any CPU
		{DB241030-F00A-4690-9486-C726704EEACA}.Release|Any CPU.ActiveCfg = Release|Any CPU
		{DB241030-F00A-4690-9486-C726704EEACA}.Release|Any CPU.Build.0 = Release|Any CPU
		{0DA03451-0129-44D9-B254-658C0E629BAB}.Debug|Any CPU.ActiveCfg = Debug|Any CPU
		{0DA03451-0129-44D9-B254-658C0E629BAB}.Debug|Any CPU.Build.0 = Debug|Any CPU
		{0DA03451-0129-44D9-B254-658C0E629BAB}.Release|Any CPU.ActiveCfg = Release|Any CPU
		{0DA03451-0129-44D9-B254-658C0E629BAB}.Release|Any CPU.Build.0 = Release|Any CPU
		{0548E0FD-E18A-4D1A-A733-A602643D1E8E}.Debug|Any CPU.ActiveCfg = Debug|Any CPU
		{0548E0FD-E18A-4D1A-A733-A602643D1E8E}.Debug|Any CPU.Build.0 = Debug|Any CPU
		{0548E0FD-E18A-4D1A-A733-A602643D1E8E}.Release|Any CPU.ActiveCfg = Release|Any CPU
		{0548E0FD-E18A-4D1A-A733-A602643D1E8E}.Release|Any CPU.Build.0 = Release|Any CPU
		{188F820B-142D-4933-BC86-C6D183F3A760}.Debug|Any CPU.ActiveCfg = Debug|Any CPU
		{188F820B-142D-4933-BC86-C6D183F3A760}.Debug|Any CPU.Build.0 = Debug|Any CPU
		{188F820B-142D-4933-BC86-C6D183F3A760}.Release|Any CPU.ActiveCfg = Release|Any CPU
		{188F820B-142D-4933-BC86-C6D183F3A760}.Release|Any CPU.Build.0 = Release|Any CPU
		{0F5199D8-B7B5-45EE-8B26-3653CF73776D}.Debug|Any CPU.ActiveCfg = Debug|Any CPU
		{0F5199D8-B7B5-45EE-8B26-3653CF73776D}.Debug|Any CPU.Build.0 = Debug|Any CPU
		{0F5199D8-B7B5-45EE-8B26-3653CF73776D}.Release|Any CPU.ActiveCfg = Release|Any CPU
		{0F5199D8-B7B5-45EE-8B26-3653CF73776D}.Release|Any CPU.Build.0 = Release|Any CPU
		{42C29A39-6145-4F65-89AC-C7ECBCA27267}.Debug|Any CPU.ActiveCfg = Debug|Any CPU
		{42C29A39-6145-4F65-89AC-C7ECBCA27267}.Debug|Any CPU.Build.0 = Debug|Any CPU
		{42C29A39-6145-4F65-89AC-C7ECBCA27267}.Release|Any CPU.ActiveCfg = Release|Any CPU
		{42C29A39-6145-4F65-89AC-C7ECBCA27267}.Release|Any CPU.Build.0 = Release|Any CPU
		{9F09B5F6-4580-424E-8E22-F4C9F0F5B698}.Debug|Any CPU.ActiveCfg = Debug|Any CPU
		{9F09B5F6-4580-424E-8E22-F4C9F0F5B698}.Debug|Any CPU.Build.0 = Debug|Any CPU
		{9F09B5F6-4580-424E-8E22-F4C9F0F5B698}.Release|Any CPU.ActiveCfg = Release|Any CPU
		{9F09B5F6-4580-424E-8E22-F4C9F0F5B698}.Release|Any CPU.Build.0 = Release|Any CPU
		{8E928C50-D7E1-4CF0-932D-A8D361D50D16}.Debug|Any CPU.ActiveCfg = Debug|Any CPU
		{8E928C50-D7E1-4CF0-932D-A8D361D50D16}.Debug|Any CPU.Build.0 = Debug|Any CPU
		{8E928C50-D7E1-4CF0-932D-A8D361D50D16}.Release|Any CPU.ActiveCfg = Release|Any CPU
		{8E928C50-D7E1-4CF0-932D-A8D361D50D16}.Release|Any CPU.Build.0 = Release|Any CPU
		{11D5A49E-E892-4CC4-BD69-568714E65403}.Debug|Any CPU.ActiveCfg = Debug|Any CPU
		{11D5A49E-E892-4CC4-BD69-568714E65403}.Debug|Any CPU.Build.0 = Debug|Any CPU
		{11D5A49E-E892-4CC4-BD69-568714E65403}.Release|Any CPU.ActiveCfg = Release|Any CPU
		{11D5A49E-E892-4CC4-BD69-568714E65403}.Release|Any CPU.Build.0 = Release|Any CPU
		{664179D0-EEF8-45CD-8CE6-4FD0F8A8B09A}.Debug|Any CPU.ActiveCfg = Debug|Any CPU
		{664179D0-EEF8-45CD-8CE6-4FD0F8A8B09A}.Debug|Any CPU.Build.0 = Debug|Any CPU
		{664179D0-EEF8-45CD-8CE6-4FD0F8A8B09A}.Release|Any CPU.ActiveCfg = Release|Any CPU
		{664179D0-EEF8-45CD-8CE6-4FD0F8A8B09A}.Release|Any CPU.Build.0 = Release|Any CPU
		{14FA6D52-E29A-4DA7-A1A6-9845850E6271}.Debug|Any CPU.ActiveCfg = Debug|Any CPU
		{14FA6D52-E29A-4DA7-A1A6-9845850E6271}.Debug|Any CPU.Build.0 = Debug|Any CPU
		{14FA6D52-E29A-4DA7-A1A6-9845850E6271}.Release|Any CPU.ActiveCfg = Release|Any CPU
		{14FA6D52-E29A-4DA7-A1A6-9845850E6271}.Release|Any CPU.Build.0 = Release|Any CPU
		{600D8328-2446-4DA7-9E79-285D6A7DED5F}.Debug|Any CPU.ActiveCfg = Debug|Any CPU
		{600D8328-2446-4DA7-9E79-285D6A7DED5F}.Debug|Any CPU.Build.0 = Debug|Any CPU
		{600D8328-2446-4DA7-9E79-285D6A7DED5F}.Release|Any CPU.ActiveCfg = Release|Any CPU
		{600D8328-2446-4DA7-9E79-285D6A7DED5F}.Release|Any CPU.Build.0 = Release|Any CPU
		{E083435B-3F34-4DB9-9BD9-19BFACCCF97C}.Debug|Any CPU.ActiveCfg = Debug|Any CPU
		{E083435B-3F34-4DB9-9BD9-19BFACCCF97C}.Debug|Any CPU.Build.0 = Debug|Any CPU
		{E083435B-3F34-4DB9-9BD9-19BFACCCF97C}.Release|Any CPU.ActiveCfg = Release|Any CPU
		{E083435B-3F34-4DB9-9BD9-19BFACCCF97C}.Release|Any CPU.Build.0 = Release|Any CPU
		{60FE0D12-EE8E-4A1C-BF91-4AEAA12EE4DD}.Debug|Any CPU.ActiveCfg = Debug|Any CPU
		{60FE0D12-EE8E-4A1C-BF91-4AEAA12EE4DD}.Debug|Any CPU.Build.0 = Debug|Any CPU
		{60FE0D12-EE8E-4A1C-BF91-4AEAA12EE4DD}.Release|Any CPU.ActiveCfg = Release|Any CPU
		{60FE0D12-EE8E-4A1C-BF91-4AEAA12EE4DD}.Release|Any CPU.Build.0 = Release|Any CPU
		{2F0D1E4E-06CF-4DFB-816C-AC665F8D057A}.Debug|Any CPU.ActiveCfg = Debug|Any CPU
		{2F0D1E4E-06CF-4DFB-816C-AC665F8D057A}.Debug|Any CPU.Build.0 = Debug|Any CPU
		{2F0D1E4E-06CF-4DFB-816C-AC665F8D057A}.Release|Any CPU.ActiveCfg = Release|Any CPU
		{2F0D1E4E-06CF-4DFB-816C-AC665F8D057A}.Release|Any CPU.Build.0 = Release|Any CPU
		{9688D1D4-8844-4AF0-BEB8-7CC49A27AED2}.Debug|Any CPU.ActiveCfg = Debug|Any CPU
		{9688D1D4-8844-4AF0-BEB8-7CC49A27AED2}.Debug|Any CPU.Build.0 = Debug|Any CPU
		{9688D1D4-8844-4AF0-BEB8-7CC49A27AED2}.Release|Any CPU.ActiveCfg = Release|Any CPU
		{9688D1D4-8844-4AF0-BEB8-7CC49A27AED2}.Release|Any CPU.Build.0 = Release|Any CPU
	EndGlobalSection
	GlobalSection(SolutionProperties) = preSolution
		HideSolutionNode = FALSE
	EndGlobalSection
	GlobalSection(NestedProjects) = preSolution
		{4F43FA82-591D-49D3-A98A-D53E538C5458} = {02EA681E-C7D8-13C7-8484-4AC65E1B71E8}
		{B893B8E2-840B-4AC0-A5AA-8AA5EEC9FC6B} = {4F43FA82-591D-49D3-A98A-D53E538C5458}
		{788C9BE5-8398-4672-B550-E9F0A484E660} = {8B31E5B0-8EF1-458A-8A5D-6F00EC45C474}
		{6E75F0B4-745B-446D-9888-8798D3DB398A} = {788C9BE5-8398-4672-B550-E9F0A484E660}
		{DADD3292-390E-4FEB-801D-93974D524C63} = {8B31E5B0-8EF1-458A-8A5D-6F00EC45C474}
		{7417FDE3-96D5-4A86-82C3-9FFC07C4257D} = {DADD3292-390E-4FEB-801D-93974D524C63}
		{5C7893ED-962C-4E1D-A15A-99B1642534FD} = {7FF104AB-216D-4BCF-9DDD-804868EB8868}
		{6F687EB4-16DC-4467-A95C-4C54A32DCD25} = {5C7893ED-962C-4E1D-A15A-99B1642534FD}
		{D894EF7E-A087-4502-A368-6D85F61A618E} = {D7FE44E6-BD81-4C0C-A6DC-D8BFCE861907}
		{3DCA284B-8636-4912-B936-5B2B5A15E6B2} = {D894EF7E-A087-4502-A368-6D85F61A618E}
		{50BDFBA1-594F-4816-96CF-E48C8BC3532F} = {3DCA284B-8636-4912-B936-5B2B5A15E6B2}
		{0383BFF9-F754-4F15-921A-78A9805E807B} = {D7FE44E6-BD81-4C0C-A6DC-D8BFCE861907}
		{B4AFBD3D-4954-42A1-8A37-A207C4E4D9D2} = {0383BFF9-F754-4F15-921A-78A9805E807B}
		{DD4D602E-EEBE-4C0E-A602-7D1755204A3A} = {D7FE44E6-BD81-4C0C-A6DC-D8BFCE861907}
		{EC4C1C01-5DEF-47F6-9352-1D8BC13731CF} = {DD4D602E-EEBE-4C0E-A602-7D1755204A3A}
		{67E99032-6CDA-4FAF-A9B0-070C430A9696} = {D7FE44E6-BD81-4C0C-A6DC-D8BFCE861907}
		{CA713114-11E1-43CA-A9E6-04A3884AA711} = {67E99032-6CDA-4FAF-A9B0-070C430A9696}
		{CD417F3B-24B9-4F5B-B0D6-6A0FA00211AC} = {02EA681E-C7D8-13C7-8484-4AC65E1B71E8}
		{B54EA446-9827-4FBA-BCAE-15391F086128} = {CD417F3B-24B9-4F5B-B0D6-6A0FA00211AC}
		{D36CE911-869E-4CB9-BF87-BACAC4C354C1} = {8B31E5B0-8EF1-458A-8A5D-6F00EC45C474}
		{F4E88955-1E18-4657-B658-C0F50246501A} = {D36CE911-869E-4CB9-BF87-BACAC4C354C1}
		{7190735D-E808-43E2-BB30-A7688C8CF525} = {7FF104AB-216D-4BCF-9DDD-804868EB8868}
		{A8DF3A71-AB32-4D12-900D-68603BDEF3E3} = {7190735D-E808-43E2-BB30-A7688C8CF525}
		{DB241030-F00A-4690-9486-C726704EEACA} = {3DCA284B-8636-4912-B936-5B2B5A15E6B2}
		{0DA03451-0129-44D9-B254-658C0E629BAB} = {DD4D602E-EEBE-4C0E-A602-7D1755204A3A}
		{6F73F792-D717-4425-A296-3329AA0932AC} = {02EA681E-C7D8-13C7-8484-4AC65E1B71E8}
		{0548E0FD-E18A-4D1A-A733-A602643D1E8E} = {6F73F792-D717-4425-A296-3329AA0932AC}
		{BA71C628-FC3F-4CDD-AC37-512F51B8AD25} = {8B31E5B0-8EF1-458A-8A5D-6F00EC45C474}
		{188F820B-142D-4933-BC86-C6D183F3A760} = {BA71C628-FC3F-4CDD-AC37-512F51B8AD25}
		{94796534-18C4-4E4F-83DD-B6E403F804CC} = {7FF104AB-216D-4BCF-9DDD-804868EB8868}
		{0F5199D8-B7B5-45EE-8B26-3653CF73776D} = {94796534-18C4-4E4F-83DD-B6E403F804CC}
		{42C29A39-6145-4F65-89AC-C7ECBCA27267} = {3DCA284B-8636-4912-B936-5B2B5A15E6B2}
		{9F09B5F6-4580-424E-8E22-F4C9F0F5B698} = {DD4D602E-EEBE-4C0E-A602-7D1755204A3A}
		{2CE20B99-B83B-4BB6-B08A-4EF646720C32} = {02EA681E-C7D8-13C7-8484-4AC65E1B71E8}
		{8E928C50-D7E1-4CF0-932D-A8D361D50D16} = {2CE20B99-B83B-4BB6-B08A-4EF646720C32}
		{DA58B4F2-CF71-4724-89D9-09A5172C85D3} = {8B31E5B0-8EF1-458A-8A5D-6F00EC45C474}
		{11D5A49E-E892-4CC4-BD69-568714E65403} = {DA58B4F2-CF71-4724-89D9-09A5172C85D3}
		{E419DE10-DD6C-4E43-8848-0C6CD2D6ABAF} = {7FF104AB-216D-4BCF-9DDD-804868EB8868}
		{664179D0-EEF8-45CD-8CE6-4FD0F8A8B09A} = {E419DE10-DD6C-4E43-8848-0C6CD2D6ABAF}
		{14FA6D52-E29A-4DA7-A1A6-9845850E6271} = {3DCA284B-8636-4912-B936-5B2B5A15E6B2}
		{600D8328-2446-4DA7-9E79-285D6A7DED5F} = {DD4D602E-EEBE-4C0E-A602-7D1755204A3A}
		{31BBFE0D-556B-4477-93A9-2F488C9FF885} = {02EA681E-C7D8-13C7-8484-4AC65E1B71E8}
		{E083435B-3F34-4DB9-9BD9-19BFACCCF97C} = {31BBFE0D-556B-4477-93A9-2F488C9FF885}
		{796A862E-7CDB-4F6B-8F4C-B397FF79B268} = {8B31E5B0-8EF1-458A-8A5D-6F00EC45C474}
		{60FE0D12-EE8E-4A1C-BF91-4AEAA12EE4DD} = {796A862E-7CDB-4F6B-8F4C-B397FF79B268}
		{479F015B-A692-4A06-8203-80B19B892B10} = {7FF104AB-216D-4BCF-9DDD-804868EB8868}
		{2F0D1E4E-06CF-4DFB-816C-AC665F8D057A} = {479F015B-A692-4A06-8203-80B19B892B10}
		{9688D1D4-8844-4AF0-BEB8-7CC49A27AED2} = {DD4D602E-EEBE-4C0E-A602-7D1755204A3A}
	EndGlobalSection
	GlobalSection(ExtensibilityGlobals) = postSolution
		SolutionGuid = {3C8EF6BD-D189-4FEC-8BAD-3BD590CF0ADD}
	EndGlobalSection
EndGlobal
